
Microsoft Visual Studio Solution File, Format Version 12.00
# Visual Studio Version 16
VisualStudioVersion = 16.0.30621.155
MinimumVisualStudioVersion = 10.0.40219.1
Project("{9A19103F-16F7-4668-BE54-9A1E7A4F7556}") = "MyDomainPasswordChange", "MyDomainPasswordChange\MyDomainPasswordChange.csproj", "{93B5D8C7-27A7-4EEC-B3E8-D37C51004AB8}"
EndProject
Project("{2150E333-8FDC-42A3-9474-1A3956D46DE8}") = "Solution Items", "Solution Items", "{738E8208-798B-4BB7-9202-4BD7E10205A0}"
	ProjectSection(SolutionItems) = preProject
		.editorconfig = .editorconfig
	EndProjectSection
EndProject
Project("{9A19103F-16F7-4668-BE54-9A1E7A4F7556}") = "MyDomainPasswordChange.Management", "MyDomainPasswordChange.Management\MyDomainPasswordChange.Management.csproj", "{2E3599A1-1530-4FE5-9B1E-39FBB06BABBD}"
EndProject
Project("{9A19103F-16F7-4668-BE54-9A1E7A4F7556}") = "PasswordExpirationCheckService", "PasswordExpirationCheckService\PasswordExpirationCheckService.csproj", "{40E377AC-F717-44CB-B218-6E3D5C2869D5}"
EndProject
Project("{9A19103F-16F7-4668-BE54-9A1E7A4F7556}") = "MyDomainPasswordChange.Data", "MyDomainPasswordChange.Data\MyDomainPasswordChange.Data.csproj", "{5E792C9E-4A11-48BD-994F-8371A8004C47}"
EndProject
Project("{9A19103F-16F7-4668-BE54-9A1E7A4F7556}") = "MyDomainPasswordChange.Data.Sqlite", "MyDomainPasswordChange.Data.Sqlite\MyDomainPasswordChange.Data.Sqlite.csproj", "{9930A588-9E82-432F-B82A-052720FB3A8D}"
EndProject
Project("{9A19103F-16F7-4668-BE54-9A1E7A4F7556}") = "YpSecurity", "YpSecurity\YpSecurity.csproj", "{B120BFAD-B7D4-480D-BE02-4EB9F0EFAA1A}"
EndProject
Project("{FAE04EC0-301F-11D3-BF4B-00C04F79EFBC}") = "MyDomainPasswordChange.Data.AspNetExtensions", "MyDomainPasswordChange.Data.AspNetExtensions\MyDomainPasswordChange.Data.AspNetExtensions.csproj", "{AC5CA669-25DE-45A7-B7B6-6F80573D7D1F}"
EndProject
Global
	GlobalSection(SolutionConfigurationPlatforms) = preSolution
		Debug|Any CPU = Debug|Any CPU
		Release|Any CPU = Release|Any CPU
	EndGlobalSection
	GlobalSection(ProjectConfigurationPlatforms) = postSolution
		{93B5D8C7-27A7-4EEC-B3E8-D37C51004AB8}.Debug|Any CPU.ActiveCfg = Debug|Any CPU
		{93B5D8C7-27A7-4EEC-B3E8-D37C51004AB8}.Debug|Any CPU.Build.0 = Debug|Any CPU
		{93B5D8C7-27A7-4EEC-B3E8-D37C51004AB8}.Release|Any CPU.ActiveCfg = Release|Any CPU
		{93B5D8C7-27A7-4EEC-B3E8-D37C51004AB8}.Release|Any CPU.Build.0 = Release|Any CPU
		{2E3599A1-1530-4FE5-9B1E-39FBB06BABBD}.Debug|Any CPU.ActiveCfg = Debug|Any CPU
		{2E3599A1-1530-4FE5-9B1E-39FBB06BABBD}.Debug|Any CPU.Build.0 = Debug|Any CPU
		{2E3599A1-1530-4FE5-9B1E-39FBB06BABBD}.Release|Any CPU.ActiveCfg = Release|Any CPU
		{2E3599A1-1530-4FE5-9B1E-39FBB06BABBD}.Release|Any CPU.Build.0 = Release|Any CPU
		{40E377AC-F717-44CB-B218-6E3D5C2869D5}.Debug|Any CPU.ActiveCfg = Debug|Any CPU
		{40E377AC-F717-44CB-B218-6E3D5C2869D5}.Debug|Any CPU.Build.0 = Debug|Any CPU
		{40E377AC-F717-44CB-B218-6E3D5C2869D5}.Release|Any CPU.ActiveCfg = Release|Any CPU
		{40E377AC-F717-44CB-B218-6E3D5C2869D5}.Release|Any CPU.Build.0 = Release|Any CPU
		{5E792C9E-4A11-48BD-994F-8371A8004C47}.Debug|Any CPU.ActiveCfg = Debug|Any CPU
		{5E792C9E-4A11-48BD-994F-8371A8004C47}.Debug|Any CPU.Build.0 = Debug|Any CPU
		{5E792C9E-4A11-48BD-994F-8371A8004C47}.Release|Any CPU.ActiveCfg = Release|Any CPU
		{5E792C9E-4A11-48BD-994F-8371A8004C47}.Release|Any CPU.Build.0 = Release|Any CPU
		{9930A588-9E82-432F-B82A-052720FB3A8D}.Debug|Any CPU.ActiveCfg = Debug|Any CPU
		{9930A588-9E82-432F-B82A-052720FB3A8D}.Debug|Any CPU.Build.0 = Debug|Any CPU
		{9930A588-9E82-432F-B82A-052720FB3A8D}.Release|Any CPU.ActiveCfg = Release|Any CPU
		{9930A588-9E82-432F-B82A-052720FB3A8D}.Release|Any CPU.Build.0 = Release|Any CPU
		{B120BFAD-B7D4-480D-BE02-4EB9F0EFAA1A}.Debug|Any CPU.ActiveCfg = Debug|Any CPU
		{B120BFAD-B7D4-480D-BE02-4EB9F0EFAA1A}.Debug|Any CPU.Build.0 = Debug|Any CPU
		{B120BFAD-B7D4-480D-BE02-4EB9F0EFAA1A}.Release|Any CPU.ActiveCfg = Release|Any CPU
		{B120BFAD-B7D4-480D-BE02-4EB9F0EFAA1A}.Release|Any CPU.Build.0 = Release|Any CPU
		{AC5CA669-25DE-45A7-B7B6-6F80573D7D1F}.Debug|Any CPU.ActiveCfg = Debug|Any CPU
		{AC5CA669-25DE-45A7-B7B6-6F80573D7D1F}.Debug|Any CPU.Build.0 = Debug|Any CPU
		{AC5CA669-25DE-45A7-B7B6-6F80573D7D1F}.Release|Any CPU.ActiveCfg = Release|Any CPU
		{AC5CA669-25DE-45A7-B7B6-6F80573D7D1F}.Release|Any CPU.Build.0 = Release|Any CPU
	EndGlobalSection
	GlobalSection(SolutionProperties) = preSolution
		HideSolutionNode = FALSE
	EndGlobalSection
	GlobalSection(ExtensibilityGlobals) = postSolution
		SolutionGuid = {F4AC1417-A93E-4445-86E7-05C5F2EF3F3A}
	EndGlobalSection
EndGlobal
